<?xml version="1.0" encoding="utf-8"?>
<Project ToolsVersion="4.0" xmlns="http://schemas.microsoft.com/developer/msbuild/2003">
  <ItemGroup>
    <Filter Include="Source Files">
      <UniqueIdentifier>{a8379c31-8e30-4954-be17-6d4ca9c80023}</UniqueIdentifier>
      <Extensions>cpp;c;cxx;rc;def;r;odl;idl;hpj;bat</Extensions>
    </Filter>
    <Filter Include="Header Files">
      <UniqueIdentifier>{0d5ff43b-efad-4c8d-99ae-eef372e8ab58}</UniqueIdentifier>
      <Extensions>h;hpp;hxx;hm;inl</Extensions>
    </Filter>
    <Filter Include="Resource Files">
      <UniqueIdentifier>{e202219e-5232-4d1c-b031-b0dc9ece1217}</UniqueIdentifier>
      <Extensions>ico;cur;bmp;dlg;rc2;rct;bin;rgs;gif;jpg;jpeg;jpe</Extensions>
    </Filter>
  </ItemGroup>
  <ItemGroup>
    <ClCompile Include="BckgZone.cpp">
      <Filter>Source Files</Filter>
    </ClCompile>
    <ClCompile Include="BMPanvas.cpp">
      <Filter>Source Files</Filter>
    </ClCompile>
    <ClCompile Include="BWFilter.cpp">
      <Filter>Source Files</Filter>
    </ClCompile>
    <ClCompile Include="DeskewFilter.cpp">
      <Filter>Source Files</Filter>
    </ClCompile>
    <ClCompile Include="DjvuPic.cpp">
      <Filter>Source Files</Filter>
    </ClCompile>
    <ClCompile Include="FilterBase.cpp">
      <Filter>Source Files</Filter>
    </ClCompile>
    <ClCompile Include="GausianBlur.cpp">
      <Filter>Source Files</Filter>
    </ClCompile>
    <ClCompile Include="GraphicThread.cpp">
      <Filter>Source Files</Filter>
    </ClCompile>
    <ClCompile Include="GrayFilter.cpp">
      <Filter>Source Files</Filter>
    </ClCompile>
    <ClCompile Include="MessageContainers.cpp">
      <Filter>Source Files</Filter>
    </ClCompile>
    <ClCompile Include="my_timer.cpp">
      <Filter>Source Files</Filter>
    </ClCompile>
    <ClCompile Include="MyJPEG.cpp">
      <Filter>Source Files</Filter>
    </ClCompile>
    <ClCompile Include="MyListBox.cpp">
      <Filter>Source Files</Filter>
    </ClCompile>
    <ClCompile Include="MyListCtrl.cpp">
      <Filter>Source Files</Filter>
    </ClCompile>
    <ClCompile Include="MyPrintDialog.cpp">
      <Filter>Source Files</Filter>
    </ClCompile>
    <ClCompile Include="MyPrintDlg.cpp">
      <Filter>Source Files</Filter>
    </ClCompile>
    <ClCompile Include="MyThread\MyThread.cpp">
      <Filter>Source Files</Filter>
    </ClCompile>
    <ClCompile Include="NiblackFilter.cpp">
      <Filter>Source Files</Filter>
    </ClCompile>
    <ClCompile Include="OutputWnd.cpp">
      <Filter>Source Files</Filter>
    </ClCompile>
    <ClCompile Include="RotateFilter.cpp">
      <Filter>Source Files</Filter>
    </ClCompile>
    <ClCompile Include="StdAfx.cpp">
      <Filter>Source Files</Filter>
    </ClCompile>
    <ClCompile Include="testWMF.cpp">
      <Filter>Source Files</Filter>
    </ClCompile>
    <ClCompile Include="testWMFDlg.cpp">
      <Filter>Source Files</Filter>
    </ClCompile>
    <ClCompile Include="ThreadsList.cpp">
      <Filter>Source Files</Filter>
    </ClCompile>
  </ItemGroup>
  <ItemGroup>
    <ResourceCompile Include="testWMF.rc">
      <Filter>Source Files</Filter>
    </ResourceCompile>
  </ItemGroup>
  <ItemGroup>
    <ClInclude Include="BckgZone.h">
      <Filter>Header Files</Filter>
    </ClInclude>
    <ClInclude Include="BMPanvas.h">
      <Filter>Header Files</Filter>
    </ClInclude>
    <ClInclude Include="BWFilter.h">
      <Filter>Header Files</Filter>
    </ClInclude>
    <ClInclude Include="DeskewFilter.h">
      <Filter>Header Files</Filter>
    </ClInclude>
    <ClInclude Include="DjvuPic.h">
      <Filter>Header Files</Filter>
    </ClInclude>
    <ClInclude Include="FilterBase.h">
      <Filter>Header Files</Filter>
    </ClInclude>
    <ClInclude Include="GausianBlur.h">
      <Filter>Header Files</Filter>
    </ClInclude>
    <ClInclude Include="generic.h">
      <Filter>Header Files</Filter>
    </ClInclude>
    <ClInclude Include="GlobalHeader.h">
      <Filter>Header Files</Filter>
    </ClInclude>
    <ClInclude Include="GraphicThread.h">
      <Filter>Header Files</Filter>
    </ClInclude>
    <ClInclude Include="GrayFilter.h">
      <Filter>Header Files</Filter>
    </ClInclude>
    <ClInclude Include="MyGraphLib\ijl.h">
      <Filter>Header Files</Filter>
    </ClInclude>
    <ClInclude Include="MessageContainers.h">
      <Filter>Header Files</Filter>
    </ClInclude>
    <ClInclude Include="my_timer.h">
      <Filter>Header Files</Filter>
    </ClInclude>
    <ClInclude Include="MyJPEG.h">
      <Filter>Header Files</Filter>
    </ClInclude>
    <ClInclude Include="MyListBox.h">
      <Filter>Header Files</Filter>
    </ClInclude>
    <ClInclude Include="MyListCtrl.h">
      <Filter>Header Files</Filter>
    </ClInclude>
    <ClInclude Include="MyPrintDialog.h">
      <Filter>Header Files</Filter>
    </ClInclude>
    <ClInclude Include="MyPrintDlg.h">
      <Filter>Header Files</Filter>
    </ClInclude>
    <ClInclude Include="MyThread.h">
      <Filter>Header Files</Filter>
    </ClInclude>
    <ClInclude Include="MyThread\MyThread.h">
      <Filter>Header Files</Filter>
    </ClInclude>
    <ClInclude Include="NiblackFilter.h">
      <Filter>Header Files</Filter>
    </ClInclude>
    <ClInclude Include="OutputWnd.h">
      <Filter>Header Files</Filter>
    </ClInclude>
    <ClInclude Include="MyGraphLib\png.h">
      <Filter>Header Files</Filter>
    </ClInclude>
    <ClInclude Include="MyGraphLib\pngstruct.h">
      <Filter>Header Files</Filter>
    </ClInclude>
    <ClInclude Include="Resource.h">
      <Filter>Header Files</Filter>
    </ClInclude>
    <ClInclude Include="RotateFilter.h">
      <Filter>Header Files</Filter>
    </ClInclude>
    <ClInclude Include="StdAfx.h">
      <Filter>Header Files</Filter>
    </ClInclude>
    <ClInclude Include="testWMF.h">
      <Filter>Header Files</Filter>
    </ClInclude>
    <ClInclude Include="testWMFDlg.h">
      <Filter>Header Files</Filter>
    </ClInclude>
    <ClInclude Include="ThreadsList.h">
      <Filter>Header Files</Filter>
    </ClInclude>
    <ClInclude Include="MyGraphLib\tiff.h">
      <Filter>Header Files</Filter>
    </ClInclude>
    <ClInclude Include="MyGraphLib\tiffconf.h">
      <Filter>Header Files</Filter>
    </ClInclude>
    <ClInclude Include="MyGraphLib\tiffio.h">
      <Filter>Header Files</Filter>
    </ClInclude>
    <ClInclude Include="MyGraphLib\tiffvers.h">
      <Filter>Header Files</Filter>
    </ClInclude>
    <ClInclude Include="MyGraphLib\zlib.h">
      <Filter>Header Files</Filter>
    </ClInclude>
  </ItemGroup>
  <ItemGroup>
    <Image Include="res\testWMF.ico">
      <Filter>Resource Files</Filter>
    </Image>
  </ItemGroup>
  <ItemGroup>
    <None Include="res\testWMF.rc2">
      <Filter>Resource Files</Filter>
    </None>
  </ItemGroup>
  <ItemGroup>
    <Text Include="ReadMe.txt" />
  </ItemGroup>
</Project>